
Microsoft Visual Studio Solution File, Format Version 12.00
# Visual Studio Version 17
VisualStudioVersion = 17.2.32616.157
MinimumVisualStudioVersion = 10.0.40219.1
Project("{FAE04EC0-301F-11D3-BF4B-00C04F79EFBC}") = "SeleniumSwagLabs", "SeleniumSwagLabs\SeleniumSwagLabs.csproj", "{946171E2-5FD5-4963-9EBA-BF48E5D692A7}"
EndProject
Global
	GlobalSection(SolutionConfigurationPlatforms) = preSolution
		Debug|Any CPU = Debug|Any CPU
		Release|Any CPU = Release|Any CPU
	EndGlobalSection
	GlobalSection(ProjectConfigurationPlatforms) = postSolution
		{946171E2-5FD5-4963-9EBA-BF48E5D692A7}.Debug|Any CPU.ActiveCfg = Debug|Any CPU
		{946171E2-5FD5-4963-9EBA-BF48E5D692A7}.Debug|Any CPU.Build.0 = Debug|Any CPU
		{946171E2-5FD5-4963-9EBA-BF48E5D692A7}.Release|Any CPU.ActiveCfg = Release|Any CPU
		{946171E2-5FD5-4963-9EBA-BF48E5D692A7}.Release|Any CPU.Build.0 = Release|Any CPU
	EndGlobalSection
	GlobalSection(SolutionProperties) = preSolution
		HideSolutionNode = FALSE
	EndGlobalSection
	GlobalSection(ExtensibilityGlobals) = postSolution
		SolutionGuid = {D4757D6E-EC2D-4B79-AA21-40BECF1AFC06}
	EndGlobalSection
EndGlobal
